<?xml version="1.0" encoding="utf-8"?>
<Project ToolsVersion="4.0" xmlns="http://schemas.microsoft.com/developer/msbuild/2003">
  <ItemGroup>
    <Filter Include="src">
      <UniqueIdentifier>{20af9314-fe2e-4491-895c-97db33f3f292}</UniqueIdentifier>
    </Filter>
  </ItemGroup>
  <ItemGroup>
    <None Include="src\.editorconfig">
      <Filter>src</Filter>
    </None>
    <None Include="src\.gitignore">
      <Filter>src</Filter>
    </None>
  </ItemGroup>
  <ItemGroup>
    <ClCompile Include="src\bag.cpp">
      <Filter>src</Filter>
    </ClCompile>
    <ClCompile Include="src\bag2.cpp">
      <Filter>src</Filter>
    </ClCompile>
    <ClCompile Include="src\bag_to_pcap_jumbo.cpp">
      <Filter>src</Filter>
    </ClCompile>
    <ClCompile Include="src\data_source_mem.cpp">
      <Filter>src</Filter>
    </ClCompile>
    <ClCompile Include="src\data_source_rommf.cpp">
      <Filter>src</Filter>
    </ClCompile>
    <ClCompile Include="src\main.cpp">
      <Filter>src</Filter>
    </ClCompile>
    <ClCompile Include="src\read_only_memory_mapped_file.cpp">
      <Filter>src</Filter>
    </ClCompile>
    <ClCompile Include="src\read_only_memory_mapped_file_linux.cpp">
      <Filter>src</Filter>
    </ClCompile>
    <ClCompile Include="src\read_only_memory_mapped_file_windows.cpp">
      <Filter>src</Filter>
    </ClCompile>
    <ClCompile Include="src\utils.cpp">
      <Filter>src</Filter>
    </ClCompile>
    <ClCompile Include="src\bag_print_file.cpp">
      <Filter>src</Filter>
    </ClCompile>
  </ItemGroup>
  <ItemGroup>
    <ClInclude Include="src\bag.h">
      <Filter>src</Filter>
    </ClInclude>
    <ClInclude Include="src\bag2.h">
      <Filter>src</Filter>
    </ClInclude>
    <ClInclude Include="src\cross_platform.h">
      <Filter>src</Filter>
    </ClInclude>
    <ClInclude Include="src\data_source_mem.h">
      <Filter>src</Filter>
    </ClInclude>
    <ClInclude Include="src\data_source_rommf.h">
      <Filter>src</Filter>
    </ClInclude>
    <ClInclude Include="src\overload.h">
      <Filter>src</Filter>
    </ClInclude>
    <ClInclude Include="src\read_only_memory_mapped_file.h">
      <Filter>src</Filter>
    </ClInclude>
    <ClInclude Include="src\read_only_memory_mapped_file_linux.h">
      <Filter>src</Filter>
    </ClInclude>
    <ClInclude Include="src\read_only_memory_mapped_file_windows.h">
      <Filter>src</Filter>
    </ClInclude>
    <ClInclude Include="src\scope_exit.h">
      <Filter>src</Filter>
    </ClInclude>
    <ClInclude Include="src\utils.h">
      <Filter>src</Filter>
    </ClInclude>
    <ClInclude Include="src\bag_print_file.h">
      <Filter>src</Filter>
    </ClInclude>
  </ItemGroup>
</Project>